
Microsoft Visual Studio Solution File, Format Version 12.00
# Visual Studio 2013
VisualStudioVersion = 12.0.30723.0
MinimumVisualStudioVersion = 10.0.40219.1
Project("{FAE04EC0-301F-11D3-BF4B-00C04F79EFBC}") = "SQLite.Proxy", "SQLite.Proxy\SQLite.Proxy.csproj", "{58D0FEBD-0844-4360-8085-8C5DE493E092}"
EndProject
Project("{2150E333-8FDC-42A3-9474-1A3956D46DE8}") = "Solution Items", "Solution Items", "{477234E8-FF01-4FB8-9C0B-71BE3BEBB0A7}"
	ProjectSection(SolutionItems) = preProject
		Performance1.psess = Performance1.psess
	EndProjectSection
EndProject
Project("{FAE04EC0-301F-11D3-BF4B-00C04F79EFBC}") = "Community.CsharpSqlite.SQLiteClient.WinRT", "..\..\..\..\csharpsqlite\Community.CsharpSqlite.SQLiteClient.WinRT\Community.CsharpSqlite.SQLiteClient.WinRT.csproj", "{7FD8D34E-59D8-4BE4-B2FF-2A9F053A6603}"
EndProject
Project("{FAE04EC0-301F-11D3-BF4B-00C04F79EFBC}") = "System.Data.Ersatz.WinRT", "..\..\..\..\csharpsqlite\System.Data.Ersatz\WinRT\System.Data.Ersatz.WinRT.csproj", "{6191A053-0255-4509-B7C0-11C6C3D4E66B}"
EndProject
Project("{FAE04EC0-301F-11D3-BF4B-00C04F79EFBC}") = "Community.CsharpSqlite.WinRT", "..\..\..\..\csharpsqlite\Community.CsharpSqlite.WinRT\Community.CsharpSqlite.WinRT.csproj", "{5FE98ADC-4A6F-4A74-8A6B-7F33EA020058}"
EndProject
Global
	GlobalSection(SolutionConfigurationPlatforms) = preSolution
		Debug|Any CPU = Debug|Any CPU
		Debug|ARM = Debug|ARM
		Debug|x64 = Debug|x64
		Debug|x86 = Debug|x86
		Release|Any CPU = Release|Any CPU
		Release|ARM = Release|ARM
		Release|x64 = Release|x64
		Release|x86 = Release|x86
	EndGlobalSection
	GlobalSection(ProjectConfigurationPlatforms) = postSolution
		{58D0FEBD-0844-4360-8085-8C5DE493E092}.Debug|Any CPU.ActiveCfg = Debug|Any CPU
		{58D0FEBD-0844-4360-8085-8C5DE493E092}.Debug|Any CPU.Build.0 = Debug|Any CPU
		{58D0FEBD-0844-4360-8085-8C5DE493E092}.Debug|ARM.ActiveCfg = Debug|ARM
		{58D0FEBD-0844-4360-8085-8C5DE493E092}.Debug|ARM.Build.0 = Debug|ARM
		{58D0FEBD-0844-4360-8085-8C5DE493E092}.Debug|x64.ActiveCfg = Debug|x64
		{58D0FEBD-0844-4360-8085-8C5DE493E092}.Debug|x64.Build.0 = Debug|x64
		{58D0FEBD-0844-4360-8085-8C5DE493E092}.Debug|x86.ActiveCfg = Debug|x86
		{58D0FEBD-0844-4360-8085-8C5DE493E092}.Debug|x86.Build.0 = Debug|x86
		{58D0FEBD-0844-4360-8085-8C5DE493E092}.Release|Any CPU.ActiveCfg = Release|Any CPU
		{58D0FEBD-0844-4360-8085-8C5DE493E092}.Release|Any CPU.Build.0 = Release|Any CPU
		{58D0FEBD-0844-4360-8085-8C5DE493E092}.Release|ARM.ActiveCfg = Release|ARM
		{58D0FEBD-0844-4360-8085-8C5DE493E092}.Release|ARM.Build.0 = Release|ARM
		{58D0FEBD-0844-4360-8085-8C5DE493E092}.Release|x64.ActiveCfg = Release|x64
		{58D0FEBD-0844-4360-8085-8C5DE493E092}.Release|x64.Build.0 = Release|x64
		{58D0FEBD-0844-4360-8085-8C5DE493E092}.Release|x86.ActiveCfg = Release|x86
		{58D0FEBD-0844-4360-8085-8C5DE493E092}.Release|x86.Build.0 = Release|x86
		{7FD8D34E-59D8-4BE4-B2FF-2A9F053A6603}.Debug|Any CPU.ActiveCfg = Debug|Any CPU
		{7FD8D34E-59D8-4BE4-B2FF-2A9F053A6603}.Debug|Any CPU.Build.0 = Debug|Any CPU
		{7FD8D34E-59D8-4BE4-B2FF-2A9F053A6603}.Debug|ARM.ActiveCfg = Debug|ARM
		{7FD8D34E-59D8-4BE4-B2FF-2A9F053A6603}.Debug|ARM.Build.0 = Debug|ARM
		{7FD8D34E-59D8-4BE4-B2FF-2A9F053A6603}.Debug|x64.ActiveCfg = Debug|x64
		{7FD8D34E-59D8-4BE4-B2FF-2A9F053A6603}.Debug|x64.Build.0 = Debug|x64
		{7FD8D34E-59D8-4BE4-B2FF-2A9F053A6603}.Debug|x86.ActiveCfg = Debug|x86
		{7FD8D34E-59D8-4BE4-B2FF-2A9F053A6603}.Debug|x86.Build.0 = Debug|x86
		{7FD8D34E-59D8-4BE4-B2FF-2A9F053A6603}.Release|Any CPU.ActiveCfg = Release|Any CPU
		{7FD8D34E-59D8-4BE4-B2FF-2A9F053A6603}.Release|Any CPU.Build.0 = Release|Any CPU
		{7FD8D34E-59D8-4BE4-B2FF-2A9F053A6603}.Release|ARM.ActiveCfg = Release|ARM
		{7FD8D34E-59D8-4BE4-B2FF-2A9F053A6603}.Release|ARM.Build.0 = Release|ARM
		{7FD8D34E-59D8-4BE4-B2FF-2A9F053A6603}.Release|x64.ActiveCfg = Release|x64
		{7FD8D34E-59D8-4BE4-B2FF-2A9F053A6603}.Release|x64.Build.0 = Release|x64
		{7FD8D34E-59D8-4BE4-B2FF-2A9F053A6603}.Release|x86.ActiveCfg = Release|x86
		{7FD8D34E-59D8-4BE4-B2FF-2A9F053A6603}.Release|x86.Build.0 = Release|x86
		{6191A053-0255-4509-B7C0-11C6C3D4E66B}.Debug|Any CPU.ActiveCfg = Debug|Any CPU
		{6191A053-0255-4509-B7C0-11C6C3D4E66B}.Debug|Any CPU.Build.0 = Debug|Any CPU
		{6191A053-0255-4509-B7C0-11C6C3D4E66B}.Debug|ARM.ActiveCfg = Debug|ARM
		{6191A053-0255-4509-B7C0-11C6C3D4E66B}.Debug|ARM.Build.0 = Debug|ARM
		{6191A053-0255-4509-B7C0-11C6C3D4E66B}.Debug|x64.ActiveCfg = Debug|x64
		{6191A053-0255-4509-B7C0-11C6C3D4E66B}.Debug|x64.Build.0 = Debug|x64
		{6191A053-0255-4509-B7C0-11C6C3D4E66B}.Debug|x86.ActiveCfg = Debug|x86
		{6191A053-0255-4509-B7C0-11C6C3D4E66B}.Debug|x86.Build.0 = Debug|x86
		{6191A053-0255-4509-B7C0-11C6C3D4E66B}.Release|Any CPU.ActiveCfg = Release|Any CPU
		{6191A053-0255-4509-B7C0-11C6C3D4E66B}.Release|Any CPU.Build.0 = Release|Any CPU
		{6191A053-0255-4509-B7C0-11C6C3D4E66B}.Release|ARM.ActiveCfg = Release|ARM
		{6191A053-0255-4509-B7C0-11C6C3D4E66B}.Release|ARM.Build.0 = Release|ARM
		{6191A053-0255-4509-B7C0-11C6C3D4E66B}.Release|x64.ActiveCfg = Release|x64
		{6191A053-0255-4509-B7C0-11C6C3D4E66B}.Release|x64.Build.0 = Release|x64
		{6191A053-0255-4509-B7C0-11C6C3D4E66B}.Release|x86.ActiveCfg = Release|x86
		{6191A053-0255-4509-B7C0-11C6C3D4E66B}.Release|x86.Build.0 = Release|x86
		{5FE98ADC-4A6F-4A74-8A6B-7F33EA020058}.Debug|Any CPU.ActiveCfg = Debug|Any CPU
		{5FE98ADC-4A6F-4A74-8A6B-7F33EA020058}.Debug|Any CPU.Build.0 = Debug|Any CPU
		{5FE98ADC-4A6F-4A74-8A6B-7F33EA020058}.Debug|ARM.ActiveCfg = Debug|ARM
		{5FE98ADC-4A6F-4A74-8A6B-7F33EA020058}.Debug|ARM.Build.0 = Debug|ARM
		{5FE98ADC-4A6F-4A74-8A6B-7F33EA020058}.Debug|x64.ActiveCfg = Debug|x64
		{5FE98ADC-4A6F-4A74-8A6B-7F33EA020058}.Debug|x64.Build.0 = Debug|x64
		{5FE98ADC-4A6F-4A74-8A6B-7F33EA020058}.Debug|x86.ActiveCfg = Debug|x86
		{5FE98ADC-4A6F-4A74-8A6B-7F33EA020058}.Debug|x86.Build.0 = Debug|x86
		{5FE98ADC-4A6F-4A74-8A6B-7F33EA020058}.Release|Any CPU.ActiveCfg = Release|Any CPU
		{5FE98ADC-4A6F-4A74-8A6B-7F33EA020058}.Release|Any CPU.Build.0 = Release|Any CPU
		{5FE98ADC-4A6F-4A74-8A6B-7F33EA020058}.Release|ARM.ActiveCfg = Release|ARM
		{5FE98ADC-4A6F-4A74-8A6B-7F33EA020058}.Release|ARM.Build.0 = Release|ARM
		{5FE98ADC-4A6F-4A74-8A6B-7F33EA020058}.Release|x64.ActiveCfg = Release|x64
		{5FE98ADC-4A6F-4A74-8A6B-7F33EA020058}.Release|x64.Build.0 = Release|x64
		{5FE98ADC-4A6F-4A74-8A6B-7F33EA020058}.Release|x86.ActiveCfg = Release|x86
		{5FE98ADC-4A6F-4A74-8A6B-7F33EA020058}.Release|x86.Build.0 = Release|x86
	EndGlobalSection
	GlobalSection(SolutionProperties) = preSolution
		HideSolutionNode = FALSE
	EndGlobalSection
EndGlobal
